
Microsoft Visual Studio Solution File, Format Version 12.00
# Visual Studio Version 17
VisualStudioVersion = 17.6.33829.357
MinimumVisualStudioVersion = 10.0.40219.1
Project("{FAE04EC0-301F-11D3-BF4B-00C04F79EFBC}") = "Questao_3", "Questao_3\Questao_3.csproj", "{86214BE5-CB47-45E0-96BD-75C255D16E94}"
EndProject
Global
	GlobalSection(SolutionConfigurationPlatforms) = preSolution
		Debug|Any CPU = Debug|Any CPU
		Release|Any CPU = Release|Any CPU
	EndGlobalSection
	GlobalSection(ProjectConfigurationPlatforms) = postSolution
		{86214BE5-CB47-45E0-96BD-75C255D16E94}.Debug|Any CPU.ActiveCfg = Debug|Any CPU
		{86214BE5-CB47-45E0-96BD-75C255D16E94}.Debug|Any CPU.Build.0 = Debug|Any CPU
		{86214BE5-CB47-45E0-96BD-75C255D16E94}.Release|Any CPU.ActiveCfg = Release|Any CPU
		{86214BE5-CB47-45E0-96BD-75C255D16E94}.Release|Any CPU.Build.0 = Release|Any CPU
	EndGlobalSection
	GlobalSection(SolutionProperties) = preSolution
		HideSolutionNode = FALSE
	EndGlobalSection
	GlobalSection(ExtensibilityGlobals) = postSolution
		SolutionGuid = {83C1B288-22B0-4B64-9FB5-5999DFB27A68}
	EndGlobalSection
EndGlobal
